
Microsoft Visual Studio Solution File, Format Version 12.00
# Visual Studio Version 17
VisualStudioVersion = 17.2.33502.348
MinimumVisualStudioVersion = 10.0.40219.1
Project("{FAE04EC0-301F-11D3-BF4B-00C04F79EFBC}") = "dgt.poc.adfsdocker", "dgt.poc.adfsdocker\dgt.poc.adfsdocker.csproj", "{FB5BD927-0E32-4652-B235-F8A71765D9E6}"
EndProject
Global
	GlobalSection(SolutionConfigurationPlatforms) = preSolution
		Debug|Any CPU = Debug|Any CPU
		Release|Any CPU = Release|Any CPU
	EndGlobalSection
	GlobalSection(ProjectConfigurationPlatforms) = postSolution
		{FB5BD927-0E32-4652-B235-F8A71765D9E6}.Debug|Any CPU.ActiveCfg = Debug|Any CPU
		{FB5BD927-0E32-4652-B235-F8A71765D9E6}.Debug|Any CPU.Build.0 = Debug|Any CPU
		{FB5BD927-0E32-4652-B235-F8A71765D9E6}.Release|Any CPU.ActiveCfg = Release|Any CPU
		{FB5BD927-0E32-4652-B235-F8A71765D9E6}.Release|Any CPU.Build.0 = Release|Any CPU
	EndGlobalSection
	GlobalSection(SolutionProperties) = preSolution
		HideSolutionNode = FALSE
	EndGlobalSection
	GlobalSection(ExtensibilityGlobals) = postSolution
		SolutionGuid = {694195BD-0EBC-4AE6-8DB0-CDEAFBDEBED6}
	EndGlobalSection
EndGlobal
